{
  "name": "assets",
  "lockfileVersion": 3,
  "requires": true,
  "packages": {
    "": {
      "devDependencies": {
        "@types/node": "^24.5.1",
        "@types/phoenix": "^1.6.6",
        "@types/phoenix_live_view": "^1.0.0",
        "esbuild-plugin-tsc": "^0.5.0",
        "typescript": "^5.9.2"
      }
    },
    "node_modules/@types/node": {
      "version": "24.5.1",
      "resolved": "https://registry.npmjs.org/@types/node/-/node-24.5.1.tgz",
      "integrity": "sha512-/SQdmUP2xa+1rdx7VwB9yPq8PaKej8TD5cQ+XfKDPWWC+VDJU4rvVVagXqKUzhKjtFoNA8rXDJAkCxQPAe00+Q==",
      "dev": true,
      "dependencies": {
        "undici-types": "~7.12.0"
      }
    },
    "node_modules/@types/phoenix": {
      "version": "1.6.6",
      "resolved": "https://registry.npmjs.org/@types/phoenix/-/phoenix-1.6.6.tgz",
      "integrity": "sha512-PIzZZlEppgrpoT2QgbnDU+MMzuR6BbCjllj0bM70lWoejMeNJAxCchxnv7J3XFkI8MpygtRpzXrIlmWUBclP5A==",
      "dev": true
    },
    "node_modules/@types/phoenix_live_view": {
      "version": "1.0.0",
      "resolved": "https://registry.npmjs.org/@types/phoenix_live_view/-/phoenix_live_view-1.0.0.tgz",
      "integrity": "sha512-GGs3POhwsgcEjLU2Vey1dPRF1Sz9HXgdd78itt+bLJqta4uOIpctkaZm5lhunJ/3kLPx9M65d5URFklRdaQM1w==",
      "dev": true,
      "dependencies": {
        "@types/phoenix": "*"
      }
    },
    "node_modules/esbuild-plugin-tsc": {
      "version": "0.5.0",
      "resolved": "https://registry.npmjs.org/esbuild-plugin-tsc/-/esbuild-plugin-tsc-0.5.0.tgz",
      "integrity": "sha512-t9j90NnMhAGWzS0SKX3zNa/XeWcUanqKaFe36CSmXiB2nYFdaSzKY9pBZTvGV7NGImxE1BktOOlVpQyYnUTVGg==",
      "dev": true,
      "dependencies": {
        "strip-comments": "^2.0.1"
      },
      "peerDependencies": {
        "typescript": "^4.0.0 || ^5.0.0"
      }
    },
    "node_modules/strip-comments": {
      "version": "2.0.1",
      "resolved": "https://registry.npmjs.org/strip-comments/-/strip-comments-2.0.1.tgz",
      "integrity": "sha512-ZprKx+bBLXv067WTCALv8SSz5l2+XhpYCsVtSqlMnkAXMWDq+/ekVbl1ghqP9rUHTzv6sm/DwCOiYutU/yp1fw==",
      "dev": true,
      "engines": {
        "node": ">=10"
      }
    },
    "node_modules/typescript": {
      "version": "5.9.2",
      "resolved": "https://registry.npmjs.org/typescript/-/typescript-5.9.2.tgz",
      "integrity": "sha512-CWBzXQrc/qOkhidw1OzBTQuYRbfyxDXJMVJ1XNwUHGROVmuaeiEm3OslpZ1RV96d7SKKjZKrSJu3+t/xlw3R9A==",
      "dev": true,
      "bin": {
        "tsc": "bin/tsc",
        "tsserver": "bin/tsserver"
      },
      "engines": {
        "node": ">=14.17"
      }
    },
    "node_modules/undici-types": {
      "version": "7.12.0",
      "resolved": "https://registry.npmjs.org/undici-types/-/undici-types-7.12.0.tgz",
      "integrity": "sha512-goOacqME2GYyOZZfb5Lgtu+1IDmAlAEu5xnD3+xTzS10hT0vzpf0SPjkXwAw9Jm+4n/mQGDP3LO8CPbYROeBfQ==",
      "dev": true
    }
  }
}
